
Microsoft Visual Studio Solution File, Format Version 12.00
# Visual Studio Version 17
VisualStudioVersion = 17.9.34728.123
MinimumVisualStudioVersion = 10.0.40219.1
Project("{FAE04EC0-301F-11D3-BF4B-00C04F79EFBC}") = "MapperlyDemo", "MapperlyDemo\MapperlyDemo.csproj", "{6FD82B9A-3F62-4A2E-8DCE-7174F5DBCC13}"
EndProject
Global
	GlobalSection(SolutionConfigurationPlatforms) = preSolution
		Debug|Any CPU = Debug|Any CPU
		Release|Any CPU = Release|Any CPU
	EndGlobalSection
	GlobalSection(ProjectConfigurationPlatforms) = postSolution
		{6FD82B9A-3F62-4A2E-8DCE-7174F5DBCC13}.Debug|Any CPU.ActiveCfg = Debug|Any CPU
		{6FD82B9A-3F62-4A2E-8DCE-7174F5DBCC13}.Debug|Any CPU.Build.0 = Debug|Any CPU
		{6FD82B9A-3F62-4A2E-8DCE-7174F5DBCC13}.Release|Any CPU.ActiveCfg = Release|Any CPU
		{6FD82B9A-3F62-4A2E-8DCE-7174F5DBCC13}.Release|Any CPU.Build.0 = Release|Any CPU
	EndGlobalSection
	GlobalSection(SolutionProperties) = preSolution
		HideSolutionNode = FALSE
	EndGlobalSection
	GlobalSection(ExtensibilityGlobals) = postSolution
		SolutionGuid = {F02FB3AC-1292-4BAD-8B2A-C6134DA1804D}
	EndGlobalSection
EndGlobal
